{
  "nodes": {
    "arraymancer": {
      "inputs": {
        "clblast": "clblast",
        "flakeNimbleLib": [
          "flakeNimbleLib"
        ],
        "nimblas": "nimblas",
        "nimcl": "nimcl",
        "nimcuda": "nimcuda",
        "nimlapack": "nimlapack",
        "nixpkgs": [
          "nixpkgs"
        ],
        "src-arraymancer-v0_7_11": "src-arraymancer-v0_7_11",
        "stb_image": "stb_image",
        "untar": "untar",
        "zip": "zip"
      },
      "locked": {
        "dir": "v0_7_11",
        "lastModified": 1648154323,
        "narHash": "sha256-mvW0of6EUfFXbaMB8dksbXvbP5jLZFHEC1njubggaXk=",
        "owner": "nim-nix-pkgs",
        "repo": "arraymancer",
        "rev": "de402308c2114efea2b2c98a61a8dc9f89d45627",
        "type": "github"
      },
      "original": {
        "dir": "v0_7_11",
        "owner": "nim-nix-pkgs",
        "ref": "master",
        "repo": "arraymancer",
        "type": "github"
      }
    },
    "arraymancer_2": {
      "inputs": {
        "clblast": "clblast_2",
        "flakeNimbleLib": [
          "polynumeric",
          "flakeNimbleLib"
        ],
        "nimblas": "nimblas_2",
        "nimcl": "nimcl_2",
        "nimcuda": "nimcuda_2",
        "nimlapack": "nimlapack_2",
        "nixpkgs": [
          "polynumeric",
          "nixpkgs"
        ],
        "src-arraymancer-v0_7_11": "src-arraymancer-v0_7_11_2",
        "stb_image": "stb_image_2",
        "untar": "untar_2",
        "zip": "zip_2"
      },
      "locked": {
        "dir": "v0_7_11",
        "lastModified": 1648154323,
        "narHash": "sha256-mvW0of6EUfFXbaMB8dksbXvbP5jLZFHEC1njubggaXk=",
        "owner": "nim-nix-pkgs",
        "repo": "arraymancer",
        "rev": "de402308c2114efea2b2c98a61a8dc9f89d45627",
        "type": "github"
      },
      "original": {
        "dir": "v0_7_11",
        "owner": "nim-nix-pkgs",
        "ref": "master",
        "repo": "arraymancer",
        "type": "github"
      }
    },
    "clblast": {
      "inputs": {
        "clblast-master": "clblast-master",
        "flakeNimbleLib": [
          "arraymancer",
          "flakeNimbleLib"
        ],
        "nixpkgs": [
          "arraymancer",
          "nixpkgs"
        ]
      },
      "locked": {
        "lastModified": 1648110171,
        "narHash": "sha256-oAb2AdApK7CcPiJsgzYeZz+zC58oGhNzkty7bv2xLhM=",
        "owner": "nim-nix-pkgs",
        "repo": "clblast",
        "rev": "c2eba238441e5528251f3395fccb90423944dab2",
        "type": "github"
      },
      "original": {
        "owner": "nim-nix-pkgs",
        "ref": "master",
        "repo": "clblast",
        "type": "github"
      }
    },
    "clblast-master": {
      "inputs": {
        "flakeNimbleLib": [
          "arraymancer",
          "clblast",
          "flakeNimbleLib"
        ],
        "nixpkgs": [
          "arraymancer",
          "clblast",
          "nixpkgs"
        ],
        "opencl": "opencl",
        "src-clblast-master": "src-clblast-master"
      },
      "locked": {
        "dir": "master",
        "lastModified": 1648110171,
        "narHash": "sha256-oAb2AdApK7CcPiJsgzYeZz+zC58oGhNzkty7bv2xLhM=",
        "owner": "nim-nix-pkgs",
        "repo": "clblast",
        "rev": "c2eba238441e5528251f3395fccb90423944dab2",
        "type": "github"
      },
      "original": {
        "dir": "master",
        "owner": "nim-nix-pkgs",
        "ref": "master",
        "repo": "clblast",
        "type": "github"
      }
    },
    "clblast-master_2": {
      "inputs": {
        "flakeNimbleLib": [
          "polynumeric",
          "arraymancer",
          "clblast",
          "flakeNimbleLib"
        ],
        "nixpkgs": [
          "polynumeric",
          "arraymancer",
          "clblast",
          "nixpkgs"
        ],
        "opencl": "opencl_3",
        "src-clblast-master": "src-clblast-master_2"
      },
      "locked": {
        "dir": "master",
        "lastModified": 1648110171,
        "narHash": "sha256-oAb2AdApK7CcPiJsgzYeZz+zC58oGhNzkty7bv2xLhM=",
        "owner": "nim-nix-pkgs",
        "repo": "clblast",
        "rev": "c2eba238441e5528251f3395fccb90423944dab2",
        "type": "github"
      },
      "original": {
        "dir": "master",
        "owner": "nim-nix-pkgs",
        "ref": "master",
        "repo": "clblast",
        "type": "github"
      }
    },
    "clblast_2": {
      "inputs": {
        "clblast-master": "clblast-master_2",
        "flakeNimbleLib": [
          "polynumeric",
          "arraymancer",
          "flakeNimbleLib"
        ],
        "nixpkgs": [
          "polynumeric",
          "arraymancer",
          "nixpkgs"
        ]
      },
      "locked": {
        "lastModified": 1648110171,
        "narHash": "sha256-oAb2AdApK7CcPiJsgzYeZz+zC58oGhNzkty7bv2xLhM=",
        "owner": "nim-nix-pkgs",
        "repo": "clblast",
        "rev": "c2eba238441e5528251f3395fccb90423944dab2",
        "type": "github"
      },
      "original": {
        "owner": "nim-nix-pkgs",
        "ref": "master",
        "repo": "clblast",
        "type": "github"
      }
    },
    "flakeNimbleLib": {
      "inputs": {
        "nixpkgs": [
          "nixpkgs"
        ]
      },
      "locked": {
        "lastModified": 1648105061,
        "narHash": "sha256-Je25qNlH4xrH3+m6vIq6yPvdfQ80FRTwX4JOhrRLduc=",
        "owner": "riinr",
        "repo": "nim-flakes-lib",
        "rev": "f1ec5e2f15b9f717c33b6942ce7cb344ff868522",
        "type": "github"
      },
      "original": {
        "owner": "riinr",
        "ref": "master",
        "repo": "nim-flakes-lib",
        "type": "github"
      }
    },
    "nimblas": {
      "inputs": {
        "flakeNimbleLib": [
          "arraymancer",
          "flakeNimbleLib"
        ],
        "nixpkgs": [
          "arraymancer",
          "nixpkgs"
        ],
        "src-nimblas-0_2_2": "src-nimblas-0_2_2"
      },
      "locked": {
        "dir": "0_2_2",
        "lastModified": 1648107846,
        "narHash": "sha256-Y0CQvdr0SEwuHuCgZ1xm+GaRBUSf25XPxZ7LagpO0oI=",
        "owner": "nim-nix-pkgs",
        "repo": "nimblas",
        "rev": "49f09874db041b35048c9b18264b6431c07ffaca",
        "type": "github"
      },
      "original": {
        "dir": "0_2_2",
        "owner": "nim-nix-pkgs",
        "ref": "master",
        "repo": "nimblas",
        "type": "github"
      }
    },
    "nimblas_2": {
      "inputs": {
        "flakeNimbleLib": [
          "polynumeric",
          "arraymancer",
          "flakeNimbleLib"
        ],
        "nixpkgs": [
          "polynumeric",
          "arraymancer",
          "nixpkgs"
        ],
        "src-nimblas-0_2_2": "src-nimblas-0_2_2_2"
      },
      "locked": {
        "dir": "0_2_2",
        "lastModified": 1648107846,
        "narHash": "sha256-Y0CQvdr0SEwuHuCgZ1xm+GaRBUSf25XPxZ7LagpO0oI=",
        "owner": "nim-nix-pkgs",
        "repo": "nimblas",
        "rev": "49f09874db041b35048c9b18264b6431c07ffaca",
        "type": "github"
      },
      "original": {
        "dir": "0_2_2",
        "owner": "nim-nix-pkgs",
        "ref": "master",
        "repo": "nimblas",
        "type": "github"
      }
    },
    "nimcl": {
      "inputs": {
        "flakeNimbleLib": [
          "arraymancer",
          "flakeNimbleLib"
        ],
        "nixpkgs": [
          "arraymancer",
          "nixpkgs"
        ],
        "opencl": "opencl_2",
        "src-nimcl-0_1_3": "src-nimcl-0_1_3"
      },
      "locked": {
        "dir": "0_1_3",
        "lastModified": 1648110239,
        "narHash": "sha256-26/Yn+u4MFNrGDH5Qg/n0ffyTFVIMWoji8vR0dDdbo8=",
        "owner": "nim-nix-pkgs",
        "repo": "nimcl",
        "rev": "6b30281e8e5ae9466f4eafe8c8849a370e13ca01",
        "type": "github"
      },
      "original": {
        "dir": "0_1_3",
        "owner": "nim-nix-pkgs",
        "ref": "master",
        "repo": "nimcl",
        "type": "github"
      }
    },
    "nimcl_2": {
      "inputs": {
        "flakeNimbleLib": [
          "polynumeric",
          "arraymancer",
          "flakeNimbleLib"
        ],
        "nixpkgs": [
          "polynumeric",
          "arraymancer",
          "nixpkgs"
        ],
        "opencl": "opencl_4",
        "src-nimcl-0_1_3": "src-nimcl-0_1_3_2"
      },
      "locked": {
        "dir": "0_1_3",
        "lastModified": 1648110239,
        "narHash": "sha256-26/Yn+u4MFNrGDH5Qg/n0ffyTFVIMWoji8vR0dDdbo8=",
        "owner": "nim-nix-pkgs",
        "repo": "nimcl",
        "rev": "6b30281e8e5ae9466f4eafe8c8849a370e13ca01",
        "type": "github"
      },
      "original": {
        "dir": "0_1_3",
        "owner": "nim-nix-pkgs",
        "ref": "master",
        "repo": "nimcl",
        "type": "github"
      }
    },
    "nimcuda": {
      "inputs": {
        "flakeNimbleLib": [
          "arraymancer",
          "flakeNimbleLib"
        ],
        "nixpkgs": [
          "arraymancer",
          "nixpkgs"
        ],
        "src-nimcuda-0_1_7": "src-nimcuda-0_1_7"
      },
      "locked": {
        "dir": "0_1_7",
        "lastModified": 1648107862,
        "narHash": "sha256-LkK/q6lEDhz9N7jL/IDEIOAAHmMxjItriCGTiatL7A0=",
        "owner": "nim-nix-pkgs",
        "repo": "nimcuda",
        "rev": "ea4e670e503f1b1fc50091870aeac1cc4501046f",
        "type": "github"
      },
      "original": {
        "dir": "0_1_7",
        "owner": "nim-nix-pkgs",
        "ref": "master",
        "repo": "nimcuda",
        "type": "github"
      }
    },
    "nimcuda_2": {
      "inputs": {
        "flakeNimbleLib": [
          "polynumeric",
          "arraymancer",
          "flakeNimbleLib"
        ],
        "nixpkgs": [
          "polynumeric",
          "arraymancer",
          "nixpkgs"
        ],
        "src-nimcuda-0_1_7": "src-nimcuda-0_1_7_2"
      },
      "locked": {
        "dir": "0_1_7",
        "lastModified": 1648107862,
        "narHash": "sha256-LkK/q6lEDhz9N7jL/IDEIOAAHmMxjItriCGTiatL7A0=",
        "owner": "nim-nix-pkgs",
        "repo": "nimcuda",
        "rev": "ea4e670e503f1b1fc50091870aeac1cc4501046f",
        "type": "github"
      },
      "original": {
        "dir": "0_1_7",
        "owner": "nim-nix-pkgs",
        "ref": "master",
        "repo": "nimcuda",
        "type": "github"
      }
    },
    "nimlapack": {
      "inputs": {
        "flakeNimbleLib": [
          "arraymancer",
          "flakeNimbleLib"
        ],
        "nixpkgs": [
          "arraymancer",
          "nixpkgs"
        ],
        "src-nimlapack-0_2_0": "src-nimlapack-0_2_0"
      },
      "locked": {
        "dir": "0_2_0",
        "lastModified": 1648107878,
        "narHash": "sha256-4/vGf48tpB7npYraXBigco53qxPzejQKjD8pVB45JNk=",
        "owner": "nim-nix-pkgs",
        "repo": "nimlapack",
        "rev": "b50b6952a1ba1e84a73f8bb2de8e2313f9b1e359",
        "type": "github"
      },
      "original": {
        "dir": "0_2_0",
        "owner": "nim-nix-pkgs",
        "ref": "master",
        "repo": "nimlapack",
        "type": "github"
      }
    },
    "nimlapack_2": {
      "inputs": {
        "flakeNimbleLib": [
          "polynumeric",
          "arraymancer",
          "flakeNimbleLib"
        ],
        "nixpkgs": [
          "polynumeric",
          "arraymancer",
          "nixpkgs"
        ],
        "src-nimlapack-0_2_0": "src-nimlapack-0_2_0_2"
      },
      "locked": {
        "dir": "0_2_0",
        "lastModified": 1648107878,
        "narHash": "sha256-4/vGf48tpB7npYraXBigco53qxPzejQKjD8pVB45JNk=",
        "owner": "nim-nix-pkgs",
        "repo": "nimlapack",
        "rev": "b50b6952a1ba1e84a73f8bb2de8e2313f9b1e359",
        "type": "github"
      },
      "original": {
        "dir": "0_2_0",
        "owner": "nim-nix-pkgs",
        "ref": "master",
        "repo": "nimlapack",
        "type": "github"
      }
    },
    "nixpkgs": {
      "locked": {
        "narHash": "sha256-sK1Ow//80EKE3bAF5d+2gB8vPXw6m5TBk3wSLHvdVe0=",
        "path": "/nix/store/0yqgkbpmsk7ck4s34wk505sfdd9vils4-source",
        "type": "path"
      },
      "original": {
        "id": "nixpkgs",
        "type": "indirect"
      }
    },
    "opencl": {
      "inputs": {
        "flakeNimbleLib": [
          "arraymancer",
          "clblast",
          "clblast-master",
          "flakeNimbleLib"
        ],
        "nixpkgs": [
          "arraymancer",
          "clblast",
          "clblast-master",
          "nixpkgs"
        ],
        "opencl-master": "opencl-master"
      },
      "locked": {
        "lastModified": 1648107941,
        "narHash": "sha256-oAmFOV/WjfB43UoVu/2B03niZkXfHpL4pzeAiICxtY0=",
        "owner": "nim-nix-pkgs",
        "repo": "opencl",
        "rev": "5352ae349d3acb3d6edb3b76bdf6dd1a78e0fef2",
        "type": "github"
      },
      "original": {
        "owner": "nim-nix-pkgs",
        "ref": "master",
        "repo": "opencl",
        "type": "github"
      }
    },
    "opencl-master": {
      "inputs": {
        "flakeNimbleLib": [
          "arraymancer",
          "clblast",
          "clblast-master",
          "opencl",
          "flakeNimbleLib"
        ],
        "nixpkgs": [
          "arraymancer",
          "clblast",
          "clblast-master",
          "opencl",
          "nixpkgs"
        ],
        "src-opencl-master": "src-opencl-master"
      },
      "locked": {
        "dir": "master",
        "lastModified": 1648107941,
        "narHash": "sha256-oAmFOV/WjfB43UoVu/2B03niZkXfHpL4pzeAiICxtY0=",
        "owner": "nim-nix-pkgs",
        "repo": "opencl",
        "rev": "5352ae349d3acb3d6edb3b76bdf6dd1a78e0fef2",
        "type": "github"
      },
      "original": {
        "dir": "master",
        "owner": "nim-nix-pkgs",
        "ref": "master",
        "repo": "opencl",
        "type": "github"
      }
    },
    "opencl-master_2": {
      "inputs": {
        "flakeNimbleLib": [
          "arraymancer",
          "nimcl",
          "opencl",
          "flakeNimbleLib"
        ],
        "nixpkgs": [
          "arraymancer",
          "nimcl",
          "opencl",
          "nixpkgs"
        ],
        "src-opencl-master": "src-opencl-master_2"
      },
      "locked": {
        "dir": "master",
        "lastModified": 1648107941,
        "narHash": "sha256-oAmFOV/WjfB43UoVu/2B03niZkXfHpL4pzeAiICxtY0=",
        "owner": "nim-nix-pkgs",
        "repo": "opencl",
        "rev": "5352ae349d3acb3d6edb3b76bdf6dd1a78e0fef2",
        "type": "github"
      },
      "original": {
        "dir": "master",
        "owner": "nim-nix-pkgs",
        "ref": "master",
        "repo": "opencl",
        "type": "github"
      }
    },
    "opencl-master_3": {
      "inputs": {
        "flakeNimbleLib": [
          "polynumeric",
          "arraymancer",
          "clblast",
          "clblast-master",
          "opencl",
          "flakeNimbleLib"
        ],
        "nixpkgs": [
          "polynumeric",
          "arraymancer",
          "clblast",
          "clblast-master",
          "opencl",
          "nixpkgs"
        ],
        "src-opencl-master": "src-opencl-master_3"
      },
      "locked": {
        "dir": "master",
        "lastModified": 1648107941,
        "narHash": "sha256-oAmFOV/WjfB43UoVu/2B03niZkXfHpL4pzeAiICxtY0=",
        "owner": "nim-nix-pkgs",
        "repo": "opencl",
        "rev": "5352ae349d3acb3d6edb3b76bdf6dd1a78e0fef2",
        "type": "github"
      },
      "original": {
        "dir": "master",
        "owner": "nim-nix-pkgs",
        "ref": "master",
        "repo": "opencl",
        "type": "github"
      }
    },
    "opencl-master_4": {
      "inputs": {
        "flakeNimbleLib": [
          "polynumeric",
          "arraymancer",
          "nimcl",
          "opencl",
          "flakeNimbleLib"
        ],
        "nixpkgs": [
          "polynumeric",
          "arraymancer",
          "nimcl",
          "opencl",
          "nixpkgs"
        ],
        "src-opencl-master": "src-opencl-master_4"
      },
      "locked": {
        "dir": "master",
        "lastModified": 1648107941,
        "narHash": "sha256-oAmFOV/WjfB43UoVu/2B03niZkXfHpL4pzeAiICxtY0=",
        "owner": "nim-nix-pkgs",
        "repo": "opencl",
        "rev": "5352ae349d3acb3d6edb3b76bdf6dd1a78e0fef2",
        "type": "github"
      },
      "original": {
        "dir": "master",
        "owner": "nim-nix-pkgs",
        "ref": "master",
        "repo": "opencl",
        "type": "github"
      }
    },
    "opencl_2": {
      "inputs": {
        "flakeNimbleLib": [
          "arraymancer",
          "nimcl",
          "flakeNimbleLib"
        ],
        "nixpkgs": [
          "arraymancer",
          "nimcl",
          "nixpkgs"
        ],
        "opencl-master": "opencl-master_2"
      },
      "locked": {
        "lastModified": 1648107941,
        "narHash": "sha256-oAmFOV/WjfB43UoVu/2B03niZkXfHpL4pzeAiICxtY0=",
        "owner": "nim-nix-pkgs",
        "repo": "opencl",
        "rev": "5352ae349d3acb3d6edb3b76bdf6dd1a78e0fef2",
        "type": "github"
      },
      "original": {
        "owner": "nim-nix-pkgs",
        "ref": "master",
        "repo": "opencl",
        "type": "github"
      }
    },
    "opencl_3": {
      "inputs": {
        "flakeNimbleLib": [
          "polynumeric",
          "arraymancer",
          "clblast",
          "clblast-master",
          "flakeNimbleLib"
        ],
        "nixpkgs": [
          "polynumeric",
          "arraymancer",
          "clblast",
          "clblast-master",
          "nixpkgs"
        ],
        "opencl-master": "opencl-master_3"
      },
      "locked": {
        "lastModified": 1648107941,
        "narHash": "sha256-oAmFOV/WjfB43UoVu/2B03niZkXfHpL4pzeAiICxtY0=",
        "owner": "nim-nix-pkgs",
        "repo": "opencl",
        "rev": "5352ae349d3acb3d6edb3b76bdf6dd1a78e0fef2",
        "type": "github"
      },
      "original": {
        "owner": "nim-nix-pkgs",
        "ref": "master",
        "repo": "opencl",
        "type": "github"
      }
    },
    "opencl_4": {
      "inputs": {
        "flakeNimbleLib": [
          "polynumeric",
          "arraymancer",
          "nimcl",
          "flakeNimbleLib"
        ],
        "nixpkgs": [
          "polynumeric",
          "arraymancer",
          "nimcl",
          "nixpkgs"
        ],
        "opencl-master": "opencl-master_4"
      },
      "locked": {
        "lastModified": 1648107941,
        "narHash": "sha256-oAmFOV/WjfB43UoVu/2B03niZkXfHpL4pzeAiICxtY0=",
        "owner": "nim-nix-pkgs",
        "repo": "opencl",
        "rev": "5352ae349d3acb3d6edb3b76bdf6dd1a78e0fef2",
        "type": "github"
      },
      "original": {
        "owner": "nim-nix-pkgs",
        "ref": "master",
        "repo": "opencl",
        "type": "github"
      }
    },
    "polynumeric": {
      "inputs": {
        "arraymancer": "arraymancer_2",
        "flakeNimbleLib": [
          "flakeNimbleLib"
        ],
        "nixpkgs": [
          "nixpkgs"
        ],
        "src-polynumeric-v0_2_1": "src-polynumeric-v0_2_1"
      },
      "locked": {
        "dir": "v0_2_1",
        "lastModified": 1648154439,
        "narHash": "sha256-hmi8htfvqYwraGB4We/MureYyHRkUglRIsthomEdCa8=",
        "owner": "nim-nix-pkgs",
        "repo": "polynumeric",
        "rev": "b62215ce89de6bbdbff40bd17f77d50e4363dcd3",
        "type": "github"
      },
      "original": {
        "dir": "v0_2_1",
        "owner": "nim-nix-pkgs",
        "ref": "master",
        "repo": "polynumeric",
        "type": "github"
      }
    },
    "root": {
      "inputs": {
        "arraymancer": "arraymancer",
        "flakeNimbleLib": "flakeNimbleLib",
        "nixpkgs": "nixpkgs",
        "polynumeric": "polynumeric",
        "src-scinim-v0_1_0": "src-scinim-v0_1_0"
      }
    },
    "src-arraymancer-v0_7_11": {
      "flake": false,
      "locked": {
        "lastModified": 1645522583,
        "narHash": "sha256-UgulXZtI9glrszzPRZHuIY2R700QvrPlWum1ibH/rO8=",
        "owner": "mratsim",
        "repo": "Arraymancer",
        "rev": "92abcdb74b3010d0fd26575f180937c73e07a2ee",
        "type": "github"
      },
      "original": {
        "owner": "mratsim",
        "ref": "refs/tags/v0.7.11",
        "repo": "Arraymancer",
        "type": "github"
      }
    },
    "src-arraymancer-v0_7_11_2": {
      "flake": false,
      "locked": {
        "lastModified": 1645522583,
        "narHash": "sha256-UgulXZtI9glrszzPRZHuIY2R700QvrPlWum1ibH/rO8=",
        "owner": "mratsim",
        "repo": "Arraymancer",
        "rev": "92abcdb74b3010d0fd26575f180937c73e07a2ee",
        "type": "github"
      },
      "original": {
        "owner": "mratsim",
        "ref": "refs/tags/v0.7.11",
        "repo": "Arraymancer",
        "type": "github"
      }
    },
    "src-clblast-master": {
      "flake": false,
      "locked": {
        "lastModified": 1567009677,
        "narHash": "sha256-9Cjc/xDM06y4apqnC+50e8gz3+B30tLBH5++VipqG/s=",
        "owner": "numforge",
        "repo": "nim-clblast",
        "rev": "4a602c9135160ffc89f779432acba7e51097e717",
        "type": "github"
      },
      "original": {
        "owner": "numforge",
        "ref": "refs/heads/master",
        "repo": "nim-clblast",
        "type": "github"
      }
    },
    "src-clblast-master_2": {
      "flake": false,
      "locked": {
        "lastModified": 1567009677,
        "narHash": "sha256-9Cjc/xDM06y4apqnC+50e8gz3+B30tLBH5++VipqG/s=",
        "owner": "numforge",
        "repo": "nim-clblast",
        "rev": "4a602c9135160ffc89f779432acba7e51097e717",
        "type": "github"
      },
      "original": {
        "owner": "numforge",
        "ref": "refs/heads/master",
        "repo": "nim-clblast",
        "type": "github"
      }
    },
    "src-nimblas-0_2_2": {
      "flake": false,
      "locked": {
        "lastModified": 1551185412,
        "narHash": "sha256-Vp+MIJ+3ZHUYCcdLmA06htGqmVykrJHLHzEJkddEPlY=",
        "owner": "andreaferretti",
        "repo": "nimblas",
        "rev": "da7907887efed7bf2114f0ea48340d81a9d5c8ed",
        "type": "github"
      },
      "original": {
        "owner": "andreaferretti",
        "ref": "refs/tags/0.2.2",
        "repo": "nimblas",
        "type": "github"
      }
    },
    "src-nimblas-0_2_2_2": {
      "flake": false,
      "locked": {
        "lastModified": 1551185412,
        "narHash": "sha256-Vp+MIJ+3ZHUYCcdLmA06htGqmVykrJHLHzEJkddEPlY=",
        "owner": "andreaferretti",
        "repo": "nimblas",
        "rev": "da7907887efed7bf2114f0ea48340d81a9d5c8ed",
        "type": "github"
      },
      "original": {
        "owner": "andreaferretti",
        "ref": "refs/tags/0.2.2",
        "repo": "nimblas",
        "type": "github"
      }
    },
    "src-nimcl-0_1_3": {
      "flake": false,
      "locked": {
        "lastModified": 1531121449,
        "narHash": "sha256-Ci38WZ6/h5jMYWruvLm7djPmIS6WpEQNk9IfQqrN11Q=",
        "owner": "andreaferretti",
        "repo": "nimcl",
        "rev": "f2f963ff043a364386888f8a6cf91646cd583e99",
        "type": "github"
      },
      "original": {
        "owner": "andreaferretti",
        "ref": "refs/tags/0.1.3",
        "repo": "nimcl",
        "type": "github"
      }
    },
    "src-nimcl-0_1_3_2": {
      "flake": false,
      "locked": {
        "lastModified": 1531121449,
        "narHash": "sha256-Ci38WZ6/h5jMYWruvLm7djPmIS6WpEQNk9IfQqrN11Q=",
        "owner": "andreaferretti",
        "repo": "nimcl",
        "rev": "f2f963ff043a364386888f8a6cf91646cd583e99",
        "type": "github"
      },
      "original": {
        "owner": "andreaferretti",
        "ref": "refs/tags/0.1.3",
        "repo": "nimcl",
        "type": "github"
      }
    },
    "src-nimcuda-0_1_7": {
      "flake": false,
      "locked": {
        "lastModified": 1585835423,
        "narHash": "sha256-aQOtPHpJNyea+oCzzC/XKrAU1jkYtlUU4vx3XU3UJkg=",
        "owner": "andreaferretti",
        "repo": "nimcuda",
        "rev": "a562a4aeeb74bab00a7d03353f9bc4636258b197",
        "type": "github"
      },
      "original": {
        "owner": "andreaferretti",
        "ref": "refs/tags/0.1.7",
        "repo": "nimcuda",
        "type": "github"
      }
    },
    "src-nimcuda-0_1_7_2": {
      "flake": false,
      "locked": {
        "lastModified": 1585835423,
        "narHash": "sha256-aQOtPHpJNyea+oCzzC/XKrAU1jkYtlUU4vx3XU3UJkg=",
        "owner": "andreaferretti",
        "repo": "nimcuda",
        "rev": "a562a4aeeb74bab00a7d03353f9bc4636258b197",
        "type": "github"
      },
      "original": {
        "owner": "andreaferretti",
        "ref": "refs/tags/0.1.7",
        "repo": "nimcuda",
        "type": "github"
      }
    },
    "src-nimlapack-0_2_0": {
      "flake": false,
      "locked": {
        "lastModified": 1569340878,
        "narHash": "sha256-GRpzXMd2j00EA7ljGZEC3eg1w3f/eqQtdZ6V7DCXPHs=",
        "owner": "andreaferretti",
        "repo": "nimlapack",
        "rev": "e0bcb7cc0b77911d37ea0588656f69db56608aee",
        "type": "github"
      },
      "original": {
        "owner": "andreaferretti",
        "ref": "refs/tags/0.2.0",
        "repo": "nimlapack",
        "type": "github"
      }
    },
    "src-nimlapack-0_2_0_2": {
      "flake": false,
      "locked": {
        "lastModified": 1569340878,
        "narHash": "sha256-GRpzXMd2j00EA7ljGZEC3eg1w3f/eqQtdZ6V7DCXPHs=",
        "owner": "andreaferretti",
        "repo": "nimlapack",
        "rev": "e0bcb7cc0b77911d37ea0588656f69db56608aee",
        "type": "github"
      },
      "original": {
        "owner": "andreaferretti",
        "ref": "refs/tags/0.2.0",
        "repo": "nimlapack",
        "type": "github"
      }
    },
    "src-opencl-master": {
      "flake": false,
      "locked": {
        "lastModified": 1531302651,
        "narHash": "sha256-sO3ndxFIHnqhFwP0/9AXgiMiQN09yeujXnd9Hu/tifE=",
        "owner": "nim-lang",
        "repo": "opencl",
        "rev": "bad8d9c13821b21fa95a1dc78d13ecfa51b93944",
        "type": "github"
      },
      "original": {
        "owner": "nim-lang",
        "ref": "refs/heads/master",
        "repo": "opencl",
        "type": "github"
      }
    },
    "src-opencl-master_2": {
      "flake": false,
      "locked": {
        "lastModified": 1531302651,
        "narHash": "sha256-sO3ndxFIHnqhFwP0/9AXgiMiQN09yeujXnd9Hu/tifE=",
        "owner": "nim-lang",
        "repo": "opencl",
        "rev": "bad8d9c13821b21fa95a1dc78d13ecfa51b93944",
        "type": "github"
      },
      "original": {
        "owner": "nim-lang",
        "ref": "refs/heads/master",
        "repo": "opencl",
        "type": "github"
      }
    },
    "src-opencl-master_3": {
      "flake": false,
      "locked": {
        "lastModified": 1531302651,
        "narHash": "sha256-sO3ndxFIHnqhFwP0/9AXgiMiQN09yeujXnd9Hu/tifE=",
        "owner": "nim-lang",
        "repo": "opencl",
        "rev": "bad8d9c13821b21fa95a1dc78d13ecfa51b93944",
        "type": "github"
      },
      "original": {
        "owner": "nim-lang",
        "ref": "refs/heads/master",
        "repo": "opencl",
        "type": "github"
      }
    },
    "src-opencl-master_4": {
      "flake": false,
      "locked": {
        "lastModified": 1531302651,
        "narHash": "sha256-sO3ndxFIHnqhFwP0/9AXgiMiQN09yeujXnd9Hu/tifE=",
        "owner": "nim-lang",
        "repo": "opencl",
        "rev": "bad8d9c13821b21fa95a1dc78d13ecfa51b93944",
        "type": "github"
      },
      "original": {
        "owner": "nim-lang",
        "ref": "refs/heads/master",
        "repo": "opencl",
        "type": "github"
      }
    },
    "src-polynumeric-v0_2_1": {
      "flake": false,
      "locked": {
        "lastModified": 1646386411,
        "narHash": "sha256-zSVX4Zw7Wv8ywbi1SVzVm0HeYM/afe+vf8DSTaLfu8k=",
        "owner": "SciNim",
        "repo": "polynumeric",
        "rev": "c45ae36b3c40c3c332bcf159a6ed21ae53aab66e",
        "type": "github"
      },
      "original": {
        "owner": "SciNim",
        "ref": "refs/tags/v0.2.1",
        "repo": "polynumeric",
        "type": "github"
      }
    },
    "src-scinim-v0_1_0": {
      "flake": false,
      "locked": {
        "lastModified": 1626019717,
        "narHash": "sha256-iuer0kfC22vL1R6F3NP1IsJmo7sxSmnPbvKPxxplTX4=",
        "owner": "SciNim",
        "repo": "scinim",
        "rev": "0817498d5e64ff798896fafa86e4caac5e9daa53",
        "type": "github"
      },
      "original": {
        "owner": "SciNim",
        "ref": "refs/tags/v0.1.0",
        "repo": "scinim",
        "type": "github"
      }
    },
    "src-stb_image-2_5": {
      "flake": false,
      "locked": {
        "lastModified": 1577121470,
        "narHash": "sha256-3xeqUumBOxuXsikgcETp5oe1GAw8jyhP3ZSpm0+Imo0=",
        "owner": "define-private-public",
        "repo": "stb_image-Nim",
        "rev": "ba5f45286bfa9bed93d8d6b941949cd6218ec888",
        "type": "gitlab"
      },
      "original": {
        "owner": "define-private-public",
        "ref": "refs/tags/2.5",
        "repo": "stb_image-Nim",
        "type": "gitlab"
      }
    },
    "src-stb_image-2_5_2": {
      "flake": false,
      "locked": {
        "lastModified": 1577121470,
        "narHash": "sha256-3xeqUumBOxuXsikgcETp5oe1GAw8jyhP3ZSpm0+Imo0=",
        "owner": "define-private-public",
        "repo": "stb_image-Nim",
        "rev": "ba5f45286bfa9bed93d8d6b941949cd6218ec888",
        "type": "gitlab"
      },
      "original": {
        "owner": "define-private-public",
        "ref": "refs/tags/2.5",
        "repo": "stb_image-Nim",
        "type": "gitlab"
      }
    },
    "src-untar-master": {
      "flake": false,
      "locked": {
        "lastModified": 1549315626,
        "narHash": "sha256-TlN/H0MB685M6pT83CMZgjx1iOPJgjUuUkelACurjFY=",
        "owner": "dom96",
        "repo": "untar",
        "rev": "d21f7229b843b7f7ddfdb35deaae3f292d0cd1ed",
        "type": "github"
      },
      "original": {
        "owner": "dom96",
        "ref": "refs/heads/master",
        "repo": "untar",
        "type": "github"
      }
    },
    "src-untar-master_2": {
      "flake": false,
      "locked": {
        "lastModified": 1549315626,
        "narHash": "sha256-TlN/H0MB685M6pT83CMZgjx1iOPJgjUuUkelACurjFY=",
        "owner": "dom96",
        "repo": "untar",
        "rev": "d21f7229b843b7f7ddfdb35deaae3f292d0cd1ed",
        "type": "github"
      },
      "original": {
        "owner": "dom96",
        "ref": "refs/heads/master",
        "repo": "untar",
        "type": "github"
      }
    },
    "src-zip-0_3_1": {
      "flake": false,
      "locked": {
        "lastModified": 1594106081,
        "narHash": "sha256-NRnBaul2wZjOZVCSx8ic6c6/LNK83s1SMFZoBX85CeE=",
        "owner": "nim-lang",
        "repo": "zip",
        "rev": "bdc5783fefc1afb8eb622ff13d464a832ce1d507",
        "type": "github"
      },
      "original": {
        "owner": "nim-lang",
        "ref": "refs/tags/0.3.1",
        "repo": "zip",
        "type": "github"
      }
    },
    "src-zip-0_3_1_2": {
      "flake": false,
      "locked": {
        "lastModified": 1594106081,
        "narHash": "sha256-NRnBaul2wZjOZVCSx8ic6c6/LNK83s1SMFZoBX85CeE=",
        "owner": "nim-lang",
        "repo": "zip",
        "rev": "bdc5783fefc1afb8eb622ff13d464a832ce1d507",
        "type": "github"
      },
      "original": {
        "owner": "nim-lang",
        "ref": "refs/tags/0.3.1",
        "repo": "zip",
        "type": "github"
      }
    },
    "stb_image": {
      "inputs": {
        "flakeNimbleLib": [
          "arraymancer",
          "flakeNimbleLib"
        ],
        "nixpkgs": [
          "arraymancer",
          "nixpkgs"
        ],
        "src-stb_image-2_5": "src-stb_image-2_5"
      },
      "locked": {
        "dir": "2_5",
        "lastModified": 1648108130,
        "narHash": "sha256-GSsuqldNGW3b71nC7iVMLMPsWmtRMy8o6KnY9UjaEDc=",
        "owner": "nim-nix-pkgs",
        "repo": "stb_image",
        "rev": "5144fa2f5b2c40b0c96a7a7bdc5ce1fc35fca21f",
        "type": "github"
      },
      "original": {
        "dir": "2_5",
        "owner": "nim-nix-pkgs",
        "ref": "master",
        "repo": "stb_image",
        "type": "github"
      }
    },
    "stb_image_2": {
      "inputs": {
        "flakeNimbleLib": [
          "polynumeric",
          "arraymancer",
          "flakeNimbleLib"
        ],
        "nixpkgs": [
          "polynumeric",
          "arraymancer",
          "nixpkgs"
        ],
        "src-stb_image-2_5": "src-stb_image-2_5_2"
      },
      "locked": {
        "dir": "2_5",
        "lastModified": 1648108130,
        "narHash": "sha256-GSsuqldNGW3b71nC7iVMLMPsWmtRMy8o6KnY9UjaEDc=",
        "owner": "nim-nix-pkgs",
        "repo": "stb_image",
        "rev": "5144fa2f5b2c40b0c96a7a7bdc5ce1fc35fca21f",
        "type": "github"
      },
      "original": {
        "dir": "2_5",
        "owner": "nim-nix-pkgs",
        "ref": "master",
        "repo": "stb_image",
        "type": "github"
      }
    },
    "untar": {
      "inputs": {
        "flakeNimbleLib": [
          "arraymancer",
          "flakeNimbleLib"
        ],
        "nixpkgs": [
          "arraymancer",
          "nixpkgs"
        ],
        "untar-master": "untar-master"
      },
      "locked": {
        "lastModified": 1648108199,
        "narHash": "sha256-xjP8JhOuK2gz+KhAwmLcixF4vVCaw+ksidCLHDQUUr8=",
        "owner": "nim-nix-pkgs",
        "repo": "untar",
        "rev": "8a8f7fc135629823fcee29a04a6c8bbbd8c62fee",
        "type": "github"
      },
      "original": {
        "owner": "nim-nix-pkgs",
        "ref": "master",
        "repo": "untar",
        "type": "github"
      }
    },
    "untar-master": {
      "inputs": {
        "flakeNimbleLib": [
          "arraymancer",
          "untar",
          "flakeNimbleLib"
        ],
        "nixpkgs": [
          "arraymancer",
          "untar",
          "nixpkgs"
        ],
        "src-untar-master": "src-untar-master"
      },
      "locked": {
        "dir": "master",
        "lastModified": 1648108199,
        "narHash": "sha256-xjP8JhOuK2gz+KhAwmLcixF4vVCaw+ksidCLHDQUUr8=",
        "owner": "nim-nix-pkgs",
        "repo": "untar",
        "rev": "8a8f7fc135629823fcee29a04a6c8bbbd8c62fee",
        "type": "github"
      },
      "original": {
        "dir": "master",
        "owner": "nim-nix-pkgs",
        "ref": "master",
        "repo": "untar",
        "type": "github"
      }
    },
    "untar-master_2": {
      "inputs": {
        "flakeNimbleLib": [
          "polynumeric",
          "arraymancer",
          "untar",
          "flakeNimbleLib"
        ],
        "nixpkgs": [
          "polynumeric",
          "arraymancer",
          "untar",
          "nixpkgs"
        ],
        "src-untar-master": "src-untar-master_2"
      },
      "locked": {
        "dir": "master",
        "lastModified": 1648108199,
        "narHash": "sha256-xjP8JhOuK2gz+KhAwmLcixF4vVCaw+ksidCLHDQUUr8=",
        "owner": "nim-nix-pkgs",
        "repo": "untar",
        "rev": "8a8f7fc135629823fcee29a04a6c8bbbd8c62fee",
        "type": "github"
      },
      "original": {
        "dir": "master",
        "owner": "nim-nix-pkgs",
        "ref": "master",
        "repo": "untar",
        "type": "github"
      }
    },
    "untar_2": {
      "inputs": {
        "flakeNimbleLib": [
          "polynumeric",
          "arraymancer",
          "flakeNimbleLib"
        ],
        "nixpkgs": [
          "polynumeric",
          "arraymancer",
          "nixpkgs"
        ],
        "untar-master": "untar-master_2"
      },
      "locked": {
        "lastModified": 1648108199,
        "narHash": "sha256-xjP8JhOuK2gz+KhAwmLcixF4vVCaw+ksidCLHDQUUr8=",
        "owner": "nim-nix-pkgs",
        "repo": "untar",
        "rev": "8a8f7fc135629823fcee29a04a6c8bbbd8c62fee",
        "type": "github"
      },
      "original": {
        "owner": "nim-nix-pkgs",
        "ref": "master",
        "repo": "untar",
        "type": "github"
      }
    },
    "zip": {
      "inputs": {
        "flakeNimbleLib": [
          "arraymancer",
          "flakeNimbleLib"
        ],
        "nixpkgs": [
          "arraymancer",
          "nixpkgs"
        ],
        "src-zip-0_3_1": "src-zip-0_3_1"
      },
      "locked": {
        "dir": "0_3_1",
        "lastModified": 1648108260,
        "narHash": "sha256-8KZ58WtJZk/VCVx7LQIquNY2CA0spSOCx2OKJKSbLu4=",
        "owner": "nim-nix-pkgs",
        "repo": "zip",
        "rev": "d2af1d4b1cbe96cec0c4e9360deb7887f542759e",
        "type": "github"
      },
      "original": {
        "dir": "0_3_1",
        "owner": "nim-nix-pkgs",
        "ref": "master",
        "repo": "zip",
        "type": "github"
      }
    },
    "zip_2": {
      "inputs": {
        "flakeNimbleLib": [
          "polynumeric",
          "arraymancer",
          "flakeNimbleLib"
        ],
        "nixpkgs": [
          "polynumeric",
          "arraymancer",
          "nixpkgs"
        ],
        "src-zip-0_3_1": "src-zip-0_3_1_2"
      },
      "locked": {
        "dir": "0_3_1",
        "lastModified": 1648108260,
        "narHash": "sha256-8KZ58WtJZk/VCVx7LQIquNY2CA0spSOCx2OKJKSbLu4=",
        "owner": "nim-nix-pkgs",
        "repo": "zip",
        "rev": "d2af1d4b1cbe96cec0c4e9360deb7887f542759e",
        "type": "github"
      },
      "original": {
        "dir": "0_3_1",
        "owner": "nim-nix-pkgs",
        "ref": "master",
        "repo": "zip",
        "type": "github"
      }
    }
  },
  "root": "root",
  "version": 7
}
